
Microsoft Visual Studio Solution File, Format Version 12.00
# Visual Studio 15
VisualStudioVersion = 15.0.26124.0
MinimumVisualStudioVersion = 15.0.26124.0
Project("{FAE04EC0-301F-11D3-BF4B-00C04F79EFBC}") = "API", "API\API.csproj", "{A0F4F83E-37C6-44CF-91E5-21B6D241D584}"
EndProject
Project("{FAE04EC0-301F-11D3-BF4B-00C04F79EFBC}") = "Application", "Application\Application.csproj", "{1B46C66B-8F03-443A-BD1D-71DE0C114018}"
EndProject
Project("{FAE04EC0-301F-11D3-BF4B-00C04F79EFBC}") = "Domain", "Domain\Domain.csproj", "{CFDB67C5-F700-4231-B7D6-9C99B8121584}"
EndProject
Project("{FAE04EC0-301F-11D3-BF4B-00C04F79EFBC}") = "Persistence", "Persistence\Persistence.csproj", "{FF6FA72F-E6CF-4DBE-9765-1CBBAECE547E}"
EndProject
Global
	GlobalSection(SolutionConfigurationPlatforms) = preSolution
		Debug|Any CPU = Debug|Any CPU
		Debug|x64 = Debug|x64
		Debug|x86 = Debug|x86
		Release|Any CPU = Release|Any CPU
		Release|x64 = Release|x64
		Release|x86 = Release|x86
	EndGlobalSection
	GlobalSection(SolutionProperties) = preSolution
		HideSolutionNode = FALSE
	EndGlobalSection
	GlobalSection(ProjectConfigurationPlatforms) = postSolution
		{A0F4F83E-37C6-44CF-91E5-21B6D241D584}.Debug|Any CPU.ActiveCfg = Debug|Any CPU
		{A0F4F83E-37C6-44CF-91E5-21B6D241D584}.Debug|Any CPU.Build.0 = Debug|Any CPU
		{A0F4F83E-37C6-44CF-91E5-21B6D241D584}.Debug|x64.ActiveCfg = Debug|Any CPU
		{A0F4F83E-37C6-44CF-91E5-21B6D241D584}.Debug|x64.Build.0 = Debug|Any CPU
		{A0F4F83E-37C6-44CF-91E5-21B6D241D584}.Debug|x86.ActiveCfg = Debug|Any CPU
		{A0F4F83E-37C6-44CF-91E5-21B6D241D584}.Debug|x86.Build.0 = Debug|Any CPU
		{A0F4F83E-37C6-44CF-91E5-21B6D241D584}.Release|Any CPU.ActiveCfg = Release|Any CPU
		{A0F4F83E-37C6-44CF-91E5-21B6D241D584}.Release|Any CPU.Build.0 = Release|Any CPU
		{A0F4F83E-37C6-44CF-91E5-21B6D241D584}.Release|x64.ActiveCfg = Release|Any CPU
		{A0F4F83E-37C6-44CF-91E5-21B6D241D584}.Release|x64.Build.0 = Release|Any CPU
		{A0F4F83E-37C6-44CF-91E5-21B6D241D584}.Release|x86.ActiveCfg = Release|Any CPU
		{A0F4F83E-37C6-44CF-91E5-21B6D241D584}.Release|x86.Build.0 = Release|Any CPU
		{1B46C66B-8F03-443A-BD1D-71DE0C114018}.Debug|Any CPU.ActiveCfg = Debug|Any CPU
		{1B46C66B-8F03-443A-BD1D-71DE0C114018}.Debug|Any CPU.Build.0 = Debug|Any CPU
		{1B46C66B-8F03-443A-BD1D-71DE0C114018}.Debug|x64.ActiveCfg = Debug|Any CPU
		{1B46C66B-8F03-443A-BD1D-71DE0C114018}.Debug|x64.Build.0 = Debug|Any CPU
		{1B46C66B-8F03-443A-BD1D-71DE0C114018}.Debug|x86.ActiveCfg = Debug|Any CPU
		{1B46C66B-8F03-443A-BD1D-71DE0C114018}.Debug|x86.Build.0 = Debug|Any CPU
		{1B46C66B-8F03-443A-BD1D-71DE0C114018}.Release|Any CPU.ActiveCfg = Release|Any CPU
		{1B46C66B-8F03-443A-BD1D-71DE0C114018}.Release|Any CPU.Build.0 = Release|Any CPU
		{1B46C66B-8F03-443A-BD1D-71DE0C114018}.Release|x64.ActiveCfg = Release|Any CPU
		{1B46C66B-8F03-443A-BD1D-71DE0C114018}.Release|x64.Build.0 = Release|Any CPU
		{1B46C66B-8F03-443A-BD1D-71DE0C114018}.Release|x86.ActiveCfg = Release|Any CPU
		{1B46C66B-8F03-443A-BD1D-71DE0C114018}.Release|x86.Build.0 = Release|Any CPU
		{CFDB67C5-F700-4231-B7D6-9C99B8121584}.Debug|Any CPU.ActiveCfg = Debug|Any CPU
		{CFDB67C5-F700-4231-B7D6-9C99B8121584}.Debug|Any CPU.Build.0 = Debug|Any CPU
		{CFDB67C5-F700-4231-B7D6-9C99B8121584}.Debug|x64.ActiveCfg = Debug|Any CPU
		{CFDB67C5-F700-4231-B7D6-9C99B8121584}.Debug|x64.Build.0 = Debug|Any CPU
		{CFDB67C5-F700-4231-B7D6-9C99B8121584}.Debug|x86.ActiveCfg = Debug|Any CPU
		{CFDB67C5-F700-4231-B7D6-9C99B8121584}.Debug|x86.Build.0 = Debug|Any CPU
		{CFDB67C5-F700-4231-B7D6-9C99B8121584}.Release|Any CPU.ActiveCfg = Release|Any CPU
		{CFDB67C5-F700-4231-B7D6-9C99B8121584}.Release|Any CPU.Build.0 = Release|Any CPU
		{CFDB67C5-F700-4231-B7D6-9C99B8121584}.Release|x64.ActiveCfg = Release|Any CPU
		{CFDB67C5-F700-4231-B7D6-9C99B8121584}.Release|x64.Build.0 = Release|Any CPU
		{CFDB67C5-F700-4231-B7D6-9C99B8121584}.Release|x86.ActiveCfg = Release|Any CPU
		{CFDB67C5-F700-4231-B7D6-9C99B8121584}.Release|x86.Build.0 = Release|Any CPU
		{FF6FA72F-E6CF-4DBE-9765-1CBBAECE547E}.Debug|Any CPU.ActiveCfg = Debug|Any CPU
		{FF6FA72F-E6CF-4DBE-9765-1CBBAECE547E}.Debug|Any CPU.Build.0 = Debug|Any CPU
		{FF6FA72F-E6CF-4DBE-9765-1CBBAECE547E}.Debug|x64.ActiveCfg = Debug|Any CPU
		{FF6FA72F-E6CF-4DBE-9765-1CBBAECE547E}.Debug|x64.Build.0 = Debug|Any CPU
		{FF6FA72F-E6CF-4DBE-9765-1CBBAECE547E}.Debug|x86.ActiveCfg = Debug|Any CPU
		{FF6FA72F-E6CF-4DBE-9765-1CBBAECE547E}.Debug|x86.Build.0 = Debug|Any CPU
		{FF6FA72F-E6CF-4DBE-9765-1CBBAECE547E}.Release|Any CPU.ActiveCfg = Release|Any CPU
		{FF6FA72F-E6CF-4DBE-9765-1CBBAECE547E}.Release|Any CPU.Build.0 = Release|Any CPU
		{FF6FA72F-E6CF-4DBE-9765-1CBBAECE547E}.Release|x64.ActiveCfg = Release|Any CPU
		{FF6FA72F-E6CF-4DBE-9765-1CBBAECE547E}.Release|x64.Build.0 = Release|Any CPU
		{FF6FA72F-E6CF-4DBE-9765-1CBBAECE547E}.Release|x86.ActiveCfg = Release|Any CPU
		{FF6FA72F-E6CF-4DBE-9765-1CBBAECE547E}.Release|x86.Build.0 = Release|Any CPU
	EndGlobalSection
EndGlobal
